
Microsoft Visual Studio Solution File, Format Version 12.00
# Visual Studio Version 16
VisualStudioVersion = 16.0.29123.88
MinimumVisualStudioVersion = 10.0.40219.1
Project("{FAE04EC0-301F-11D3-BF4B-00C04F79EFBC}") = "CategorizeGitHubSupportIssues", "CategorizeGitHubSupportIssues\CategorizeGitHubSupportIssues.csproj", "{B774EBAE-53F8-4A94-8399-D86A479591F6}"
EndProject
Global
	GlobalSection(SolutionConfigurationPlatforms) = preSolution
		Debug|Any CPU = Debug|Any CPU
		Release|Any CPU = Release|Any CPU
	EndGlobalSection
	GlobalSection(ProjectConfigurationPlatforms) = postSolution
		{B774EBAE-53F8-4A94-8399-D86A479591F6}.Debug|Any CPU.ActiveCfg = Debug|Any CPU
		{B774EBAE-53F8-4A94-8399-D86A479591F6}.Debug|Any CPU.Build.0 = Debug|Any CPU
		{B774EBAE-53F8-4A94-8399-D86A479591F6}.Release|Any CPU.ActiveCfg = Release|Any CPU
		{B774EBAE-53F8-4A94-8399-D86A479591F6}.Release|Any CPU.Build.0 = Release|Any CPU
	EndGlobalSection
	GlobalSection(SolutionProperties) = preSolution
		HideSolutionNode = FALSE
	EndGlobalSection
	GlobalSection(ExtensibilityGlobals) = postSolution
		SolutionGuid = {2CEA9909-F0A2-425B-A9F9-4E079CAC1B70}
	EndGlobalSection
EndGlobal
